// !$*UTF8*$!
{
	archiveVersion = 1;
	classes = {
	};
	objectVersion = 50;
	objects = {

/* Begin PBXBuildFile section */
		9A0BF1112077B9F500375E99 /* AppDelegate.swift in Sources */ = {isa = PBXBuildFile; fileRef = 9A0BF1102077B9F500375E99 /* AppDelegate.swift */; };
		9A0BF1132077B9F500375E99 /* ViewController.swift in Sources */ = {isa = PBXBuildFile; fileRef = 9A0BF1122077B9F500375E99 /* ViewController.swift */; };
		9A0BF1162077B9F500375E99 /* Main.storyboard in Resources */ = {isa = PBXBuildFile; fileRef = 9A0BF1142077B9F500375E99 /* Main.storyboard */; };
		9A0BF1182077B9F600375E99 /* Assets.xcassets in Resources */ = {isa = PBXBuildFile; fileRef = 9A0BF1172077B9F600375E99 /* Assets.xcassets */; };
		9A0BF11B2077B9F600375E99 /* LaunchScreen.storyboard in Resources */ = {isa = PBXBuildFile; fileRef = 9A0BF1192077B9F600375E99 /* LaunchScreen.storyboard */; };
		9A3349D42077E9C4003874B8 /* QuestionAnswerer.swift in Sources */ = {isa = PBXBuildFile; fileRef = 9A3349D32077E9C4003874B8 /* QuestionAnswerer.swift */; };
/* End PBXBuildFile section */

/* Begin PBXFileReference section */
		9A0BF10D2077B9F500375E99 /* Bola Mágica.app */ = {isa = PBXFileReference; explicitFileType = wrapper.application; includeInIndex = 0; path = "Bola Mágica.app"; sourceTree = BUILT_PRODUCTS_DIR; };
		9A0BF1102077B9F500375E99 /* AppDelegate.swift */ = {isa = PBXFileReference; lastKnownFileType = sourcecode.swift; path = AppDelegate.swift; sourceTree = "<group>"; };
		9A0BF1122077B9F500375E99 /* ViewController.swift */ = {isa = PBXFileReference; lastKnownFileType = sourcecode.swift; path = ViewController.swift; sourceTree = "<group>"; };
		9A0BF1152077B9F500375E99 /* Base */ = {isa = PBXFileReference; lastKnownFileType = file.storyboard; name = Base; path = Base.lproj/Main.storyboard; sourceTree = "<group>"; };
		9A0BF1172077B9F600375E99 /* Assets.xcassets */ = {isa = PBXFileReference; lastKnownFileType = folder.assetcatalog; path = Assets.xcassets; sourceTree = "<group>"; };
		9A0BF11A2077B9F600375E99 /* Base */ = {isa = PBXFileReference; lastKnownFileType = file.storyboard; name = Base; path = Base.lproj/LaunchScreen.storyboard; sourceTree = "<group>"; };
		9A0BF11C2077B9F600375E99 /* Info.plist */ = {isa = PBXFileReference; lastKnownFileType = text.plist.xml; path = Info.plist; sourceTree = "<group>"; };
		9A3349D32077E9C4003874B8 /* QuestionAnswerer.swift */ = {isa = PBXFileReference; lastKnownFileType = sourcecode.swift; path = QuestionAnswerer.swift; sourceTree = "<group>"; };
/* End PBXFileReference section */

/* Begin PBXFrameworksBuildPhase section */
		9A0BF10A2077B9F500375E99 /* Frameworks */ = {
			isa = PBXFrameworksBuildPhase;
			buildActionMask = 2147483647;
			files = (
			);
			runOnlyForDeploymentPostprocessing = 0;
		};
/* End PBXFrameworksBuildPhase section */

/* Begin PBXGroup section */
		9A0BF1042077B9F500375E99 = {
			isa = PBXGroup;
			children = (
				9A0BF10F2077B9F500375E99 /* Bola Mágica */,
				9A0BF10E2077B9F500375E99 /* Products */,
			);
			sourceTree = "<group>";
		};
		9A0BF10E2077B9F500375E99 /* Products */ = {
			isa = PBXGroup;
			children = (
				9A0BF10D2077B9F500375E99 /* Bola Mágica.app */,
			);
			name = Products;
			sourceTree = "<group>";
		};
		9A0BF10F2077B9F500375E99 /* Bola Mágica */ = {
			isa = PBXGroup;
			children = (
				9A0BF1102077B9F500375E99 /* AppDelegate.swift */,
				9A0BF1122077B9F500375E99 /* ViewController.swift */,
				9A0BF1142077B9F500375E99 /* Main.storyboard */,
				9A3349D32077E9C4003874B8 /* QuestionAnswerer.swift */,
				9A0BF1172077B9F600375E99 /* Assets.xcassets */,
				9A0BF1192077B9F600375E99 /* LaunchScreen.storyboard */,
				9A0BF11C2077B9F600375E99 /* Info.plist */,
			);
			path = "Bola Mágica";
			sourceTree = "<group>";
		};
/* End PBXGroup section */

/* Begin PBXNativeTarget section */
		9A0BF10C2077B9F500375E99 /* Bola Mágica */ = {
			isa = PBXNativeTarget;
			buildConfigurationList = 9A0BF11F2077B9F600375E99 /* Build configuration list for PBXNativeTarget "Bola Mágica" */;
			buildPhases = (
				9A0BF1092077B9F500375E99 /* Sources */,
				9A0BF10A2077B9F500375E99 /* Frameworks */,
				9A0BF10B2077B9F500375E99 /* Resources */,
			);
			buildRules = (
			);
			dependencies = (
			);
			name = "Bola Mágica";
			productName = "Bola Mágica";
			productReference = 9A0BF10D2077B9F500375E99 /* Bola Mágica.app */;
			productType = "com.apple.product-type.application";
		};
/* End PBXNativeTarget section */

/* Begin PBXProject section */
		9A0BF1052077B9F500375E99 /* Project object */ = {
			isa = PBXProject;
			attributes = {
				LastSwiftUpdateCheck = 0930;
				LastUpgradeCheck = 0930;
				ORGANIZATIONNAME = "Luis Morelos";
				TargetAttributes = {
					9A0BF10C2077B9F500375E99 = {
						CreatedOnToolsVersion = 9.3;
					};
				};
			};
			buildConfigurationList = 9A0BF1082077B9F500375E99 /* Build configuration list for PBXProject "Bola Mágica" */;
			compatibilityVersion = "Xcode 9.3";
			developmentRegion = en;
			hasScannedForEncodings = 0;
			knownRegions = (
				en,
				Base,
			);
			mainGroup = 9A0BF1042077B9F500375E99;
			productRefGroup = 9A0BF10E2077B9F500375E99 /* Products */;
			projectDirPath = "";
			projectRoot = "";
			targets = (
				9A0BF10C2077B9F500375E99 /* Bola Mágica */,
			);
		};
/* End PBXProject section */

/* Begin PBXResourcesBuildPhase section */
		9A0BF10B2077B9F500375E99 /* Resources */ = {
			isa = PBXResourcesBuildPhase;
			buildActionMask = 2147483647;
			files = (
				9A0BF11B2077B9F600375E99 /* LaunchScreen.storyboard in Resources */,
				9A0BF1182077B9F600375E99 /* Assets.xcassets in Resources */,
				9A0BF1162077B9F500375E99 /* Main.storyboard in Resources */,
			);
			runOnlyForDeploymentPostprocessing = 0;
		};
/* End PBXResourcesBuildPhase section */

/* Begin PBXSourcesBuildPhase section */
		9A0BF1092077B9F500375E99 /* Sources */ = {
			isa = PBXSourcesBuildPhase;
			buildActionMask = 2147483647;
			files = (
				9A0BF1132077B9F500375E99 /* ViewController.swift in Sources */,
				9A3349D42077E9C4003874B8 /* QuestionAnswerer.swift in Sources */,
				9A0BF1112077B9F500375E99 /* AppDelegate.swift in Sources */,
			);
			runOnlyForDeploymentPostprocessing = 0;
		};
/* End PBXSourcesBuildPhase section */

/* Begin PBXVariantGroup section */
		9A0BF1142077B9F500375E99 /* Main.storyboard */ = {
			isa = PBXVariantGroup;
			children = (
				9A0BF1152077B9F500375E99 /* Base */,
			);
			name = Main.storyboard;
			sourceTree = "<group>";
		};
		9A0BF1192077B9F600375E99 /* LaunchScreen.storyboard */ = {
			isa = PBXVariantGroup;
			children = (
				9A0BF11A2077B9F600375E99 /* Base */,
			);
			name = LaunchScreen.storyboard;
			sourceTree = "<group>";
		};
/* End PBXVariantGroup section */

/* Begin XCBuildConfiguration section */
		9A0BF11D2077B9F600375E99 /* Debug */ = {
			isa = XCBuildConfiguration;
			buildSettings = {
				ALWAYS_SEARCH_USER_PATHS = NO;
				CLANG_ANALYZER_NONNULL = YES;
				CLANG_ANALYZER_NUMBER_OBJECT_CONVERSION = YES_AGGRESSIVE;
				CLANG_CXX_LANGUAGE_STANDARD = "gnu++14";
				CLANG_CXX_LIBRARY = "libc++";
				CLANG_ENABLE_MODULES = YES;
				CLANG_ENABLE_OBJC_ARC = YES;
				CLANG_ENABLE_OBJC_WEAK = YES;
				CLANG_WARN_BLOCK_CAPTURE_AUTORELEASING = YES;
				CLANG_WARN_BOOL_CONVERSION = YES;
				CLANG_WARN_COMMA = YES;
				CLANG_WARN_CONSTANT_CONVERSION = YES;
				CLANG_WARN_DEPRECATED_OBJC_IMPLEMENTATIONS = YES;
				CLANG_WARN_DIRECT_OBJC_ISA_USAGE = YES_ERROR;
				CLANG_WARN_DOCUMENTATION_COMMENTS = YES;
				CLANG_WARN_EMPTY_BODY = YES;
				CLANG_WARN_ENUM_CONVERSION = YES;
				CLANG_WARN_INFINITE_RECURSION = YES;
				CLANG_WARN_INT_CONVERSION = YES;
				CLANG_WARN_NON_LITERAL_NULL_CONVERSION = YES;
				CLANG_WARN_OBJC_IMPLICIT_RETAIN_SELF = YES;
				CLANG_WARN_OBJC_LITERAL_CONVERSION = YES;
				CLANG_WARN_OBJC_ROOT_CLASS = YES_ERROR;
				CLANG_WARN_RANGE_LOOP_ANALYSIS = YES;
				CLANG_WARN_STRICT_PROTOTYPES = YES;
				CLANG_WARN_SUSPICIOUS_MOVE = YES;
				CLANG_WARN_UNGUARDED_AVAILABILITY = YES_AGGRESSIVE;
				CLANG_WARN_UNREACHABLE_CODE = YES;
				CLANG_WARN__DUPLICATE_METHOD_MATCH = YES;
				CODE_SIGN_IDENTITY = "iPhone Developer";
				COPY_PHASE_STRIP = NO;
				DEBUG_INFORMATION_FORMAT = dwarf;
				ENABLE_STRICT_OBJC_MSGSEND = YES;
				ENABLE_TESTABILITY = YES;
				GCC_C_LANGUAGE_STANDARD = gnu11;
				GCC_DYNAMIC_NO_PIC = NO;
				GCC_NO_COMMON_BLOCKS = YES;
				GCC_OPTIMIZATION_LEVEL = 0;
				GCC_PREPROCESSOR_DEFINITIONS = (
					"DEBUG=1",
					"$(inherited)",
				);
				GCC_WARN_64_TO_32_BIT_CONVERSION = YES;
				GCC_WARN_ABOUT_RETURN_TYPE = YES_ERROR;
				GCC_WARN_UNDECLARED_SELECTOR = YES;
				GCC_WARN_UNINITIALIZED_AUTOS = YES_AGGRESSIVE;
				GCC_WARN_UNUSED_FUNCTION = YES;
				GCC_WARN_UNUSED_VARIABLE = YES;
				IPHONEOS_DEPLOYMENT_TARGET = 11.3;
				MTL_ENABLE_DEBUG_INFO = YES;
				ONLY_ACTIVE_ARCH = YES;
				SDKROOT = iphoneos;
				SWIFT_ACTIVE_COMPILATION_CONDITIONS = DEBUG;
				SWIFT_OPTIMIZATION_LEVEL = "-Onone";
			};
			name = Debug;
		};
		9A0BF11E2077B9F600375E99 /* Release */ = {
			isa = XCBuildConfiguration;
			buildSettings = {
				ALWAYS_SEARCH_USER_PATHS = NO;
				CLANG_ANALYZER_NONNULL = YES;
				CLANG_ANALYZER_NUMBER_OBJECT_CONVERSION = YES_AGGRESSIVE;
				CLANG_CXX_LANGUAGE_STANDARD = "gnu++14";
				CLANG_CXX_LIBRARY = "libc++";
				CLANG_ENABLE_MODULES = YES;
				CLANG_ENABLE_OBJC_ARC = YES;
				CLANG_ENABLE_OBJC_WEAK = YES;
				CLANG_WARN_BLOCK_CAPTURE_AUTORELEASING = YES;
				CLANG_WARN_BOOL_CONVERSION = YES;
				CLANG_WARN_COMMA = YES;
				CLANG_WARN_CONSTANT_CONVERSION = YES;
				CLANG_WARN_DEPRECATED_OBJC_IMPLEMENTATIONS = YES;
				CLANG_WARN_DIRECT_OBJC_ISA_USAGE = YES_ERROR;
				CLANG_WARN_DOCUMENTATION_COMMENTS = YES;
				CLANG_WARN_EMPTY_BODY = YES;
				CLANG_WARN_ENUM_CONVERSION = YES;
				CLANG_WARN_INFINITE_RECURSION = YES;
				CLANG_WARN_INT_CONVERSION = YES;
				CLANG_WARN_NON_LITERAL_NULL_CONVERSION = YES;
				CLANG_WARN_OBJC_IMPLICIT_RETAIN_SELF = YES;
				CLANG_WARN_OBJC_LITERAL_CONVERSION = YES;
				CLANG_WARN_OBJC_ROOT_CLASS = YES_ERROR;
				CLANG_WARN_RANGE_LOOP_ANALYSIS = YES;
				CLANG_WARN_STRICT_PROTOTYPES = YES;
				CLANG_WARN_SUSPICIOUS_MOVE = YES;
				CLANG_WARN_UNGUARDED_AVAILABILITY = YES_AGGRESSIVE;
				CLANG_WARN_UNREACHABLE_CODE = YES;
				CLANG_WARN__DUPLICATE_METHOD_MATCH = YES;
				CODE_SIGN_IDENTITY = "iPhone Developer";
				COPY_PHASE_STRIP = NO;
				DEBUG_INFORMATION_FORMAT = "dwarf-with-dsym";
				ENABLE_NS_ASSERTIONS = NO;
				ENABLE_STRICT_OBJC_MSGSEND = YES;
				GCC_C_LANGUAGE_STANDARD = gnu11;
				GCC_NO_COMMON_BLOCKS = YES;
				GCC_WARN_64_TO_32_BIT_CONVERSION = YES;
				GCC_WARN_ABOUT_RETURN_TYPE = YES_ERROR;
				GCC_WARN_UNDECLARED_SELECTOR = YES;
				GCC_WARN_UNINITIALIZED_AUTOS = YES_AGGRESSIVE;
				GCC_WARN_UNUSED_FUNCTION = YES;
				GCC_WARN_UNUSED_VARIABLE = YES;
				IPHONEOS_DEPLOYMENT_TARGET = 11.3;
				MTL_ENABLE_DEBUG_INFO = NO;
				SDKROOT = iphoneos;
				SWIFT_COMPILATION_MODE = wholemodule;
				SWIFT_OPTIMIZATION_LEVEL = "-O";
				VALIDATE_PRODUCT = YES;
			};
			name = Release;
		};
		9A0BF1202077B9F600375E99 /* Debug */ = {
			isa = XCBuildConfiguration;
			buildSettings = {
				ASSETCATALOG_COMPILER_APPICON_NAME = AppIcon;
				CODE_SIGN_STYLE = Automatic;
				DEVELOPMENT_TEAM = 7Z3WWH2AQA;
				INFOPLIST_FILE = "Bola Mágica/Info.plist";
				LD_RUNPATH_SEARCH_PATHS = (
					"$(inherited)",
					"@executable_path/Frameworks",
				);
				PRODUCT_BUNDLE_IDENTIFIER = "LuisMorelos.Bola-Ma-gica";
				PRODUCT_NAME = "$(TARGET_NAME)";
				SWIFT_VERSION = 4.0;
				TARGETED_DEVICE_FAMILY = "1,2";
			};
			name = Debug;
		};
		9A0BF1212077B9F600375E99 /* Release */ = {
			isa = XCBuildConfiguration;
			buildSettings = {
				ASSETCATALOG_COMPILER_APPICON_NAME = AppIcon;
				CODE_SIGN_STYLE = Automatic;
				DEVELOPMENT_TEAM = 7Z3WWH2AQA;
				INFOPLIST_FILE = "Bola Mágica/Info.plist";
				LD_RUNPATH_SEARCH_PATHS = (
					"$(inherited)",
					"@executable_path/Frameworks",
				);
				PRODUCT_BUNDLE_IDENTIFIER = "LuisMorelos.Bola-Ma-gica";
				PRODUCT_NAME = "$(TARGET_NAME)";
				SWIFT_VERSION = 4.0;
				TARGETED_DEVICE_FAMILY = "1,2";
			};
			name = Release;
		};
/* End XCBuildConfiguration section */

/* Begin XCConfigurationList section */
		9A0BF1082077B9F500375E99 /* Build configuration list for PBXProject "Bola Mágica" */ = {
			isa = XCConfigurationList;
			buildConfigurations = (
				9A0BF11D2077B9F600375E99 /* Debug */,
				9A0BF11E2077B9F600375E99 /* Release */,
			);
			defaultConfigurationIsVisible = 0;
			defaultConfigurationName = Release;
		};
		9A0BF11F2077B9F600375E99 /* Build configuration list for PBXNativeTarget "Bola Mágica" */ = {
			isa = XCConfigurationList;
			buildConfigurations = (
				9A0BF1202077B9F600375E99 /* Debug */,
				9A0BF1212077B9F600375E99 /* Release */,
			);
			defaultConfigurationIsVisible = 0;
			defaultConfigurationName = Release;
		};
/* End XCConfigurationList section */
	};
	rootObject = 9A0BF1052077B9F500375E99 /* Project object */;
}
